
Microsoft Visual Studio Solution File, Format Version 12.00
# Visual Studio Version 16
VisualStudioVersion = 16.0.30503.244
MinimumVisualStudioVersion = 10.0.40219.1
Project("{FAE04EC0-301F-11D3-BF4B-00C04F79EFBC}") = "P001_LearningLayout", "P001_LearningLayout\P001_LearningLayout.csproj", "{97AD9447-6693-4E48-ACF6-9698BCE2A232}"
EndProject
Project("{FAE04EC0-301F-11D3-BF4B-00C04F79EFBC}") = "P002_LearningBubbleRoutedEvents", "P002_LearningBubbleRoutedEvents\P002_LearningBubbleRoutedEvents.csproj", "{C9CC1C4C-1F1C-4E61-803B-CA2BD4976660}"
EndProject
Global
	GlobalSection(SolutionConfigurationPlatforms) = preSolution
		Debug|Any CPU = Debug|Any CPU
		Release|Any CPU = Release|Any CPU
	EndGlobalSection
	GlobalSection(ProjectConfigurationPlatforms) = postSolution
		{97AD9447-6693-4E48-ACF6-9698BCE2A232}.Debug|Any CPU.ActiveCfg = Debug|Any CPU
		{97AD9447-6693-4E48-ACF6-9698BCE2A232}.Debug|Any CPU.Build.0 = Debug|Any CPU
		{97AD9447-6693-4E48-ACF6-9698BCE2A232}.Release|Any CPU.ActiveCfg = Release|Any CPU
		{97AD9447-6693-4E48-ACF6-9698BCE2A232}.Release|Any CPU.Build.0 = Release|Any CPU
		{C9CC1C4C-1F1C-4E61-803B-CA2BD4976660}.Debug|Any CPU.ActiveCfg = Debug|Any CPU
		{C9CC1C4C-1F1C-4E61-803B-CA2BD4976660}.Debug|Any CPU.Build.0 = Debug|Any CPU
		{C9CC1C4C-1F1C-4E61-803B-CA2BD4976660}.Release|Any CPU.ActiveCfg = Release|Any CPU
		{C9CC1C4C-1F1C-4E61-803B-CA2BD4976660}.Release|Any CPU.Build.0 = Release|Any CPU
	EndGlobalSection
	GlobalSection(SolutionProperties) = preSolution
		HideSolutionNode = FALSE
	EndGlobalSection
	GlobalSection(ExtensibilityGlobals) = postSolution
		SolutionGuid = {7C0BE80B-A407-4A52-BF7A-0F4ED64FFFC6}
	EndGlobalSection
EndGlobal
