
Microsoft Visual Studio Solution File, Format Version 12.00
# Visual Studio Version 16
VisualStudioVersion = 16.0.30503.244
MinimumVisualStudioVersion = 10.0.40219.1
Project("{FAE04EC0-301F-11D3-BF4B-00C04F79EFBC}") = "P001_LearningLayout", "P001_LearningLayout\P001_LearningLayout.csproj", "{97AD9447-6693-4E48-ACF6-9698BCE2A232}"
EndProject
Project("{FAE04EC0-301F-11D3-BF4B-00C04F79EFBC}") = "P002_LearningBubbleRoutedEvents", "P002_LearningBubbleRoutedEvents\P002_LearningBubbleRoutedEvents.csproj", "{C9CC1C4C-1F1C-4E61-803B-CA2BD4976660}"
EndProject
Project("{FAE04EC0-301F-11D3-BF4B-00C04F79EFBC}") = "P003_LearningKeyPressEvents", "P003_LearningKeyPressEvents\P003_LearningKeyPressEvents.csproj", "{51BBA740-5390-4C58-A2B1-780D70727567}"
EndProject
Project("{FAE04EC0-301F-11D3-BF4B-00C04F79EFBC}") = "P004_LearningDragDrop", "P004_LearningDragDrop\P004_LearningDragDrop.csproj", "{00362F6A-5B5B-4EDE-8BBC-31B64C296AFC}"
EndProject
Project("{FAE04EC0-301F-11D3-BF4B-00C04F79EFBC}") = "P005_LearningPopup", "P005_LearningPopup\P005_LearningPopup.csproj", "{5D55E79F-5541-4454-9296-48518568AE45}"
EndProject
Project("{FAE04EC0-301F-11D3-BF4B-00C04F79EFBC}") = "P006_LearningBinding", "P006_LearningBinding\P006_LearningBinding.csproj", "{DC800245-3033-4040-8B27-E75D9A5EE7F5}"
EndProject
Project("{FAE04EC0-301F-11D3-BF4B-00C04F79EFBC}") = "P007_LearningCommands", "P007_LearningCommands\P007_LearningCommands.csproj", "{4CD12F20-7832-4185-BB8F-1BB50CE1B800}"
EndProject
Global
	GlobalSection(SolutionConfigurationPlatforms) = preSolution
		Debug|Any CPU = Debug|Any CPU
		Release|Any CPU = Release|Any CPU
	EndGlobalSection
	GlobalSection(ProjectConfigurationPlatforms) = postSolution
		{97AD9447-6693-4E48-ACF6-9698BCE2A232}.Debug|Any CPU.ActiveCfg = Debug|Any CPU
		{97AD9447-6693-4E48-ACF6-9698BCE2A232}.Debug|Any CPU.Build.0 = Debug|Any CPU
		{97AD9447-6693-4E48-ACF6-9698BCE2A232}.Release|Any CPU.ActiveCfg = Release|Any CPU
		{97AD9447-6693-4E48-ACF6-9698BCE2A232}.Release|Any CPU.Build.0 = Release|Any CPU
		{C9CC1C4C-1F1C-4E61-803B-CA2BD4976660}.Debug|Any CPU.ActiveCfg = Debug|Any CPU
		{C9CC1C4C-1F1C-4E61-803B-CA2BD4976660}.Debug|Any CPU.Build.0 = Debug|Any CPU
		{C9CC1C4C-1F1C-4E61-803B-CA2BD4976660}.Release|Any CPU.ActiveCfg = Release|Any CPU
		{C9CC1C4C-1F1C-4E61-803B-CA2BD4976660}.Release|Any CPU.Build.0 = Release|Any CPU
		{51BBA740-5390-4C58-A2B1-780D70727567}.Debug|Any CPU.ActiveCfg = Debug|Any CPU
		{51BBA740-5390-4C58-A2B1-780D70727567}.Debug|Any CPU.Build.0 = Debug|Any CPU
		{51BBA740-5390-4C58-A2B1-780D70727567}.Release|Any CPU.ActiveCfg = Release|Any CPU
		{51BBA740-5390-4C58-A2B1-780D70727567}.Release|Any CPU.Build.0 = Release|Any CPU
		{00362F6A-5B5B-4EDE-8BBC-31B64C296AFC}.Debug|Any CPU.ActiveCfg = Debug|Any CPU
		{00362F6A-5B5B-4EDE-8BBC-31B64C296AFC}.Debug|Any CPU.Build.0 = Debug|Any CPU
		{00362F6A-5B5B-4EDE-8BBC-31B64C296AFC}.Release|Any CPU.ActiveCfg = Release|Any CPU
		{00362F6A-5B5B-4EDE-8BBC-31B64C296AFC}.Release|Any CPU.Build.0 = Release|Any CPU
		{5D55E79F-5541-4454-9296-48518568AE45}.Debug|Any CPU.ActiveCfg = Debug|Any CPU
		{5D55E79F-5541-4454-9296-48518568AE45}.Debug|Any CPU.Build.0 = Debug|Any CPU
		{5D55E79F-5541-4454-9296-48518568AE45}.Release|Any CPU.ActiveCfg = Release|Any CPU
		{5D55E79F-5541-4454-9296-48518568AE45}.Release|Any CPU.Build.0 = Release|Any CPU
		{DC800245-3033-4040-8B27-E75D9A5EE7F5}.Debug|Any CPU.ActiveCfg = Debug|Any CPU
		{DC800245-3033-4040-8B27-E75D9A5EE7F5}.Debug|Any CPU.Build.0 = Debug|Any CPU
		{DC800245-3033-4040-8B27-E75D9A5EE7F5}.Release|Any CPU.ActiveCfg = Release|Any CPU
		{DC800245-3033-4040-8B27-E75D9A5EE7F5}.Release|Any CPU.Build.0 = Release|Any CPU
		{4CD12F20-7832-4185-BB8F-1BB50CE1B800}.Debug|Any CPU.ActiveCfg = Debug|Any CPU
		{4CD12F20-7832-4185-BB8F-1BB50CE1B800}.Debug|Any CPU.Build.0 = Debug|Any CPU
		{4CD12F20-7832-4185-BB8F-1BB50CE1B800}.Release|Any CPU.ActiveCfg = Release|Any CPU
		{4CD12F20-7832-4185-BB8F-1BB50CE1B800}.Release|Any CPU.Build.0 = Release|Any CPU
	EndGlobalSection
	GlobalSection(SolutionProperties) = preSolution
		HideSolutionNode = FALSE
	EndGlobalSection
	GlobalSection(ExtensibilityGlobals) = postSolution
		SolutionGuid = {7C0BE80B-A407-4A52-BF7A-0F4ED64FFFC6}
	EndGlobalSection
EndGlobal
